
Microsoft Visual Studio Solution File, Format Version 12.00
# Visual Studio Version 17
VisualStudioVersion = 17.11.35312.102
MinimumVisualStudioVersion = 10.0.40219.1
Project("{FAE04EC0-301F-11D3-BF4B-00C04F79EFBC}") = "ConsoleApp11", "ConsoleApp11\ConsoleApp11.csproj", "{4AEC0FEA-783A-4444-BF93-93F583F97FC9}"
EndProject
Global
	GlobalSection(SolutionConfigurationPlatforms) = preSolution
		Debug|Any CPU = Debug|Any CPU
		Release|Any CPU = Release|Any CPU
	EndGlobalSection
	GlobalSection(ProjectConfigurationPlatforms) = postSolution
		{4AEC0FEA-783A-4444-BF93-93F583F97FC9}.Debug|Any CPU.ActiveCfg = Debug|Any CPU
		{4AEC0FEA-783A-4444-BF93-93F583F97FC9}.Debug|Any CPU.Build.0 = Debug|Any CPU
		{4AEC0FEA-783A-4444-BF93-93F583F97FC9}.Release|Any CPU.ActiveCfg = Release|Any CPU
		{4AEC0FEA-783A-4444-BF93-93F583F97FC9}.Release|Any CPU.Build.0 = Release|Any CPU
	EndGlobalSection
	GlobalSection(SolutionProperties) = preSolution
		HideSolutionNode = FALSE
	EndGlobalSection
	GlobalSection(ExtensibilityGlobals) = postSolution
		SolutionGuid = {2B2E3D00-0EFE-4A73-A0DD-E36B33A4610D}
	EndGlobalSection
EndGlobal
